
Microsoft Visual Studio Solution File, Format Version 12.00
# Visual Studio Version 17
VisualStudioVersion = 17.0.31903.59
MinimumVisualStudioVersion = 10.0.40219.1
Project("{FAE04EC0-301F-11D3-BF4B-00C04F79EFBC}") = "OrderService", "OrderService\OrderService.csproj", "{B40C30A1-3841-4668-9ADB-1C05407CC371}"
EndProject
Project("{FAE04EC0-301F-11D3-BF4B-00C04F79EFBC}") = "PaymentService", "PaymentService\PaymentService.csproj", "{DB8C86CA-5393-4482-A5A9-3CF35B3CF2EB}"
EndProject
Project("{FAE04EC0-301F-11D3-BF4B-00C04F79EFBC}") = "ShippingService", "ShippingService\ShippingService.csproj", "{EE6FB31B-780C-43E0-AE6D-C489182179D3}"
EndProject
Project("{FAE04EC0-301F-11D3-BF4B-00C04F79EFBC}") = "Shared", "Shared\Shared.csproj", "{E65CB7E2-C5C0-4FD1-A34A-9EB97DA2EF69}"
EndProject
Project("{2150E333-8FDC-42A3-9474-1A3956D46DE8}") = "Solution Items", "Solution Items", "{8EC462FD-D22E-90A8-E5CE-7E832BA40C5D}"
	ProjectSection(SolutionItems) = preProject
		docker-compose.yml = docker-compose.yml
	EndProjectSection
EndProject
Global
	GlobalSection(SolutionConfigurationPlatforms) = preSolution
		Debug|Any CPU = Debug|Any CPU
		Debug|x64 = Debug|x64
		Debug|x86 = Debug|x86
		Release|Any CPU = Release|Any CPU
		Release|x64 = Release|x64
		Release|x86 = Release|x86
	EndGlobalSection
	GlobalSection(ProjectConfigurationPlatforms) = postSolution
		{B40C30A1-3841-4668-9ADB-1C05407CC371}.Debug|Any CPU.ActiveCfg = Debug|Any CPU
		{B40C30A1-3841-4668-9ADB-1C05407CC371}.Debug|Any CPU.Build.0 = Debug|Any CPU
		{B40C30A1-3841-4668-9ADB-1C05407CC371}.Debug|x64.ActiveCfg = Debug|Any CPU
		{B40C30A1-3841-4668-9ADB-1C05407CC371}.Debug|x64.Build.0 = Debug|Any CPU
		{B40C30A1-3841-4668-9ADB-1C05407CC371}.Debug|x86.ActiveCfg = Debug|Any CPU
		{B40C30A1-3841-4668-9ADB-1C05407CC371}.Debug|x86.Build.0 = Debug|Any CPU
		{B40C30A1-3841-4668-9ADB-1C05407CC371}.Release|Any CPU.ActiveCfg = Release|Any CPU
		{B40C30A1-3841-4668-9ADB-1C05407CC371}.Release|Any CPU.Build.0 = Release|Any CPU
		{B40C30A1-3841-4668-9ADB-1C05407CC371}.Release|x64.ActiveCfg = Release|Any CPU
		{B40C30A1-3841-4668-9ADB-1C05407CC371}.Release|x64.Build.0 = Release|Any CPU
		{B40C30A1-3841-4668-9ADB-1C05407CC371}.Release|x86.ActiveCfg = Release|Any CPU
		{B40C30A1-3841-4668-9ADB-1C05407CC371}.Release|x86.Build.0 = Release|Any CPU
		{DB8C86CA-5393-4482-A5A9-3CF35B3CF2EB}.Debug|Any CPU.ActiveCfg = Debug|Any CPU
		{DB8C86CA-5393-4482-A5A9-3CF35B3CF2EB}.Debug|Any CPU.Build.0 = Debug|Any CPU
		{DB8C86CA-5393-4482-A5A9-3CF35B3CF2EB}.Debug|x64.ActiveCfg = Debug|Any CPU
		{DB8C86CA-5393-4482-A5A9-3CF35B3CF2EB}.Debug|x64.Build.0 = Debug|Any CPU
		{DB8C86CA-5393-4482-A5A9-3CF35B3CF2EB}.Debug|x86.ActiveCfg = Debug|Any CPU
		{DB8C86CA-5393-4482-A5A9-3CF35B3CF2EB}.Debug|x86.Build.0 = Debug|Any CPU
		{DB8C86CA-5393-4482-A5A9-3CF35B3CF2EB}.Release|Any CPU.ActiveCfg = Release|Any CPU
		{DB8C86CA-5393-4482-A5A9-3CF35B3CF2EB}.Release|Any CPU.Build.0 = Release|Any CPU
		{DB8C86CA-5393-4482-A5A9-3CF35B3CF2EB}.Release|x64.ActiveCfg = Release|Any CPU
		{DB8C86CA-5393-4482-A5A9-3CF35B3CF2EB}.Release|x64.Build.0 = Release|Any CPU
		{DB8C86CA-5393-4482-A5A9-3CF35B3CF2EB}.Release|x86.ActiveCfg = Release|Any CPU
		{DB8C86CA-5393-4482-A5A9-3CF35B3CF2EB}.Release|x86.Build.0 = Release|Any CPU
		{EE6FB31B-780C-43E0-AE6D-C489182179D3}.Debug|Any CPU.ActiveCfg = Debug|Any CPU
		{EE6FB31B-780C-43E0-AE6D-C489182179D3}.Debug|Any CPU.Build.0 = Debug|Any CPU
		{EE6FB31B-780C-43E0-AE6D-C489182179D3}.Debug|x64.ActiveCfg = Debug|Any CPU
		{EE6FB31B-780C-43E0-AE6D-C489182179D3}.Debug|x64.Build.0 = Debug|Any CPU
		{EE6FB31B-780C-43E0-AE6D-C489182179D3}.Debug|x86.ActiveCfg = Debug|Any CPU
		{EE6FB31B-780C-43E0-AE6D-C489182179D3}.Debug|x86.Build.0 = Debug|Any CPU
		{EE6FB31B-780C-43E0-AE6D-C489182179D3}.Release|Any CPU.ActiveCfg = Release|Any CPU
		{EE6FB31B-780C-43E0-AE6D-C489182179D3}.Release|Any CPU.Build.0 = Release|Any CPU
		{EE6FB31B-780C-43E0-AE6D-C489182179D3}.Release|x64.ActiveCfg = Release|Any CPU
		{EE6FB31B-780C-43E0-AE6D-C489182179D3}.Release|x64.Build.0 = Release|Any CPU
		{EE6FB31B-780C-43E0-AE6D-C489182179D3}.Release|x86.ActiveCfg = Release|Any CPU
		{EE6FB31B-780C-43E0-AE6D-C489182179D3}.Release|x86.Build.0 = Release|Any CPU
		{E65CB7E2-C5C0-4FD1-A34A-9EB97DA2EF69}.Debug|Any CPU.ActiveCfg = Debug|Any CPU
		{E65CB7E2-C5C0-4FD1-A34A-9EB97DA2EF69}.Debug|Any CPU.Build.0 = Debug|Any CPU
		{E65CB7E2-C5C0-4FD1-A34A-9EB97DA2EF69}.Debug|x64.ActiveCfg = Debug|Any CPU
		{E65CB7E2-C5C0-4FD1-A34A-9EB97DA2EF69}.Debug|x64.Build.0 = Debug|Any CPU
		{E65CB7E2-C5C0-4FD1-A34A-9EB97DA2EF69}.Debug|x86.ActiveCfg = Debug|Any CPU
		{E65CB7E2-C5C0-4FD1-A34A-9EB97DA2EF69}.Debug|x86.Build.0 = Debug|Any CPU
		{E65CB7E2-C5C0-4FD1-A34A-9EB97DA2EF69}.Release|Any CPU.ActiveCfg = Release|Any CPU
		{E65CB7E2-C5C0-4FD1-A34A-9EB97DA2EF69}.Release|Any CPU.Build.0 = Release|Any CPU
		{E65CB7E2-C5C0-4FD1-A34A-9EB97DA2EF69}.Release|x64.ActiveCfg = Release|Any CPU
		{E65CB7E2-C5C0-4FD1-A34A-9EB97DA2EF69}.Release|x64.Build.0 = Release|Any CPU
		{E65CB7E2-C5C0-4FD1-A34A-9EB97DA2EF69}.Release|x86.ActiveCfg = Release|Any CPU
		{E65CB7E2-C5C0-4FD1-A34A-9EB97DA2EF69}.Release|x86.Build.0 = Release|Any CPU
	EndGlobalSection
	GlobalSection(SolutionProperties) = preSolution
		HideSolutionNode = FALSE
	EndGlobalSection
	GlobalSection(ExtensibilityGlobals) = postSolution
		SolutionGuid = {431BC890-E743-4C9F-943C-D24AF3BB169A}
	EndGlobalSection
EndGlobal
